Microsoft Visual Studio Solution File, Format Version 12.00
# Visual Studio Version 17
VisualStudioVersion = 17.5.2.0
MinimumVisualStudioVersion = 10.0.40219.1
Project("{FAE04EC0-301F-11D3-BF4B-00C04F79EFBC}") = "ERP-do-Baba-Gropo-11", "ERP-do-Baba-Gropo-11.csproj", "{B70F0035-4BB3-54E0-D086-1AF283266130}"
EndProject
Global
	GlobalSection(SolutionConfigurationPlatforms) = preSolution
		Debug|Any CPU = Debug|Any CPU
		Release|Any CPU = Release|Any CPU
	EndGlobalSection
	GlobalSection(ProjectConfigurationPlatforms) = postSolution
		{B70F0035-4BB3-54E0-D086-1AF283266130}.Debug|Any CPU.ActiveCfg = Debug|Any CPU
		{B70F0035-4BB3-54E0-D086-1AF283266130}.Debug|Any CPU.Build.0 = Debug|Any CPU
		{B70F0035-4BB3-54E0-D086-1AF283266130}.Release|Any CPU.ActiveCfg = Release|Any CPU
		{B70F0035-4BB3-54E0-D086-1AF283266130}.Release|Any CPU.Build.0 = Release|Any CPU
	EndGlobalSection
	GlobalSection(SolutionProperties) = preSolution
		HideSolutionNode = FALSE
	EndGlobalSection
	GlobalSection(ExtensibilityGlobals) = postSolution
		SolutionGuid = {154A8FE3-CC46-464B-97A1-3015969BB64D}
	EndGlobalSection
EndGlobal
